{
  "name": "mk-frontend-web-utils",
  "version": "0.1.0",
  "lockfileVersion": 2,
  "requires": true,
  "packages": {
    "": {
      "name": "mk-frontend-web-utils",
      "version": "0.1.0",
      "dependencies": {
        "mk-js-utils": "git+https://github.com/kownacki/mk-js-utils.git#master"
      }
    },
    "node_modules/mk-js-utils": {
      "version": "0.1.0",
      "resolved": "git+ssh://git@github.com/kownacki/mk-js-utils.git#afb5eedf483ed9e409af5662cc5c477c01729f97"
    }
  },
  "dependencies": {
    "mk-js-utils": {
      "version": "git+ssh://git@github.com/kownacki/mk-js-utils.git#afb5eedf483ed9e409af5662cc5c477c01729f97",
      "from": "mk-js-utils@git+https://github.com/kownacki/mk-js-utils.git#master"
    }
  }
}
